
Microsoft Visual Studio Solution File, Format Version 12.00
# Visual Studio 15
Project("{FAE04EC0-301F-11D3-BF4B-00C04F79EFBC}") = "ARCore 101", "Assembly-CSharp.csproj", "{4D6DC6BE-9DCD-98BE-C40B-EC101ED95711}"
EndProject
Project("{FAE04EC0-301F-11D3-BF4B-00C04F79EFBC}") = "ARCore 101", "Assembly-CSharp-Editor.csproj", "{140AFC53-4AC8-0F23-1F5E-668AE237E044}"
EndProject
Global
	GlobalSection(SolutionConfigurationPlatforms) = preSolution
		Debug|Any CPU = Debug|Any CPU
		Release|Any CPU = Release|Any CPU
	EndGlobalSection
	GlobalSection(ProjectConfigurationPlatforms) = postSolution
		{4D6DC6BE-9DCD-98BE-C40B-EC101ED95711}.Debug|Any CPU.ActiveCfg = Debug|Any CPU
		{4D6DC6BE-9DCD-98BE-C40B-EC101ED95711}.Debug|Any CPU.Build.0 = Debug|Any CPU
		{4D6DC6BE-9DCD-98BE-C40B-EC101ED95711}.Release|Any CPU.ActiveCfg = Release|Any CPU
		{4D6DC6BE-9DCD-98BE-C40B-EC101ED95711}.Release|Any CPU.Build.0 = Release|Any CPU
		{140AFC53-4AC8-0F23-1F5E-668AE237E044}.Debug|Any CPU.ActiveCfg = Debug|Any CPU
		{140AFC53-4AC8-0F23-1F5E-668AE237E044}.Debug|Any CPU.Build.0 = Debug|Any CPU
		{140AFC53-4AC8-0F23-1F5E-668AE237E044}.Release|Any CPU.ActiveCfg = Release|Any CPU
		{140AFC53-4AC8-0F23-1F5E-668AE237E044}.Release|Any CPU.Build.0 = Release|Any CPU
	EndGlobalSection
	GlobalSection(SolutionProperties) = preSolution
		HideSolutionNode = FALSE
	EndGlobalSection
EndGlobal
